
Microsoft Visual Studio Solution File, Format Version 12.00
# Visual Studio Version 16
VisualStudioVersion = 16.0.31911.196
MinimumVisualStudioVersion = 10.0.40219.1
Project("{9A19103F-16F7-4668-BE54-9A1E7A4F7556}") = "GraphGenerator", "GraphGenerator\GraphGenerator.csproj", "{F9DAA11F-28FE-4AC9-A05C-3F313C973A4C}"
EndProject
Global
	GlobalSection(SolutionConfigurationPlatforms) = preSolution
		Debug|Any CPU = Debug|Any CPU
		Release|Any CPU = Release|Any CPU
	EndGlobalSection
	GlobalSection(ProjectConfigurationPlatforms) = postSolution
		{F9DAA11F-28FE-4AC9-A05C-3F313C973A4C}.Debug|Any CPU.ActiveCfg = Debug|Any CPU
		{F9DAA11F-28FE-4AC9-A05C-3F313C973A4C}.Debug|Any CPU.Build.0 = Debug|Any CPU
		{F9DAA11F-28FE-4AC9-A05C-3F313C973A4C}.Release|Any CPU.ActiveCfg = Release|Any CPU
		{F9DAA11F-28FE-4AC9-A05C-3F313C973A4C}.Release|Any CPU.Build.0 = Release|Any CPU
	EndGlobalSection
	GlobalSection(SolutionProperties) = preSolution
		HideSolutionNode = FALSE
	EndGlobalSection
	GlobalSection(ExtensibilityGlobals) = postSolution
		SolutionGuid = {720248B2-7742-4621-B3A6-65D22A6BAF63}
	EndGlobalSection
EndGlobal
